// !$*UTF8*$!
{
	archiveVersion = 1;
	classes = {
	};
	objectVersion = 48;
	objects = {

/* Begin PBXBuildFile section */
		12CE1A53200753A2002ADF58 /* AppDelegate.swift in Sources */ = {isa = PBXBuildFile; fileRef = 12CE1A52200753A2002ADF58 /* AppDelegate.swift */; };
		12CE1A55200753A2002ADF58 /* ViewController.swift in Sources */ = {isa = PBXBuildFile; fileRef = 12CE1A54200753A2002ADF58 /* ViewController.swift */; };
		12CE1A58200753A2002ADF58 /* Main.storyboard in Resources */ = {isa = PBXBuildFile; fileRef = 12CE1A56200753A2002ADF58 /* Main.storyboard */; };
		12CE1A5A200753A2002ADF58 /* Assets.xcassets in Resources */ = {isa = PBXBuildFile; fileRef = 12CE1A59200753A2002ADF58 /* Assets.xcassets */; };
		12CE1A5D200753A2002ADF58 /* LaunchScreen.storyboard in Resources */ = {isa = PBXBuildFile; fileRef = 12CE1A5B200753A2002ADF58 /* LaunchScreen.storyboard */; };
		12CE1A6720075CE3002ADF58 /* pokemon.csv in Resources */ = {isa = PBXBuildFile; fileRef = 12CE1A6620075CE0002ADF58 /* pokemon.csv */; };
		12CE1A69200760BE002ADF58 /* pokemon.csv in Resources */ = {isa = PBXBuildFile; fileRef = 12CE1A68200760BE002ADF58 /* pokemon.csv */; };
/* End PBXBuildFile section */

/* Begin PBXFileReference section */
		12CE1A4F200753A2002ADF58 /* PokeDex3.app */ = {isa = PBXFileReference; explicitFileType = wrapper.application; includeInIndex = 0; path = PokeDex3.app; sourceTree = BUILT_PRODUCTS_DIR; };
		12CE1A52200753A2002ADF58 /* AppDelegate.swift */ = {isa = PBXFileReference; lastKnownFileType = sourcecode.swift; path = AppDelegate.swift; sourceTree = "<group>"; };
		12CE1A54200753A2002ADF58 /* ViewController.swift */ = {isa = PBXFileReference; lastKnownFileType = sourcecode.swift; path = ViewController.swift; sourceTree = "<group>"; };
		12CE1A57200753A2002ADF58 /* Base */ = {isa = PBXFileReference; lastKnownFileType = file.storyboard; name = Base; path = Base.lproj/Main.storyboard; sourceTree = "<group>"; };
		12CE1A59200753A2002ADF58 /* Assets.xcassets */ = {isa = PBXFileReference; lastKnownFileType = folder.assetcatalog; path = Assets.xcassets; sourceTree = "<group>"; };
		12CE1A5C200753A2002ADF58 /* Base */ = {isa = PBXFileReference; lastKnownFileType = file.storyboard; name = Base; path = Base.lproj/LaunchScreen.storyboard; sourceTree = "<group>"; };
		12CE1A5E200753A2002ADF58 /* Info.plist */ = {isa = PBXFileReference; lastKnownFileType = text.plist.xml; path = Info.plist; sourceTree = "<group>"; };
		12CE1A6620075CE0002ADF58 /* pokemon.csv */ = {isa = PBXFileReference; fileEncoding = 4; lastKnownFileType = text; name = pokemon.csv; path = "pokeapi-master/data/v1/pokemon.csv"; sourceTree = SOURCE_ROOT; };
		12CE1A68200760BE002ADF58 /* pokemon.csv */ = {isa = PBXFileReference; fileEncoding = 4; lastKnownFileType = text; name = pokemon.csv; path = "pokeapi-master/data/v1/pokemon.csv"; sourceTree = SOURCE_ROOT; };
/* End PBXFileReference section */

/* Begin PBXFrameworksBuildPhase section */
		12CE1A4C200753A2002ADF58 /* Frameworks */ = {
			isa = PBXFrameworksBuildPhase;
			buildActionMask = 2147483647;
			files = (
			);
			runOnlyForDeploymentPostprocessing = 0;
		};
/* End PBXFrameworksBuildPhase section */

/* Begin PBXGroup section */
		12CE1A46200753A2002ADF58 = {
			isa = PBXGroup;
			children = (
				12CE1A51200753A2002ADF58 /* PokeDex3 */,
				12CE1A50200753A2002ADF58 /* Products */,
			);
			sourceTree = "<group>";
		};
		12CE1A50200753A2002ADF58 /* Products */ = {
			isa = PBXGroup;
			children = (
				12CE1A4F200753A2002ADF58 /* PokeDex3.app */,
			);
			name = Products;
			sourceTree = "<group>";
		};
		12CE1A51200753A2002ADF58 /* PokeDex3 */ = {
			isa = PBXGroup;
			children = (
				12CE1A52200753A2002ADF58 /* AppDelegate.swift */,
				12CE1A54200753A2002ADF58 /* ViewController.swift */,
				12CE1A56200753A2002ADF58 /* Main.storyboard */,
				12CE1A59200753A2002ADF58 /* Assets.xcassets */,
				12CE1A6620075CE0002ADF58 /* pokemon.csv */,
				12CE1A68200760BE002ADF58 /* pokemon.csv */,
				12CE1A5B200753A2002ADF58 /* LaunchScreen.storyboard */,
				12CE1A5E200753A2002ADF58 /* Info.plist */,
			);
			path = PokeDex3;
			sourceTree = "<group>";
		};
/* End PBXGroup section */

/* Begin PBXNativeTarget section */
		12CE1A4E200753A2002ADF58 /* PokeDex3 */ = {
			isa = PBXNativeTarget;
			buildConfigurationList = 12CE1A61200753A2002ADF58 /* Build configuration list for PBXNativeTarget "PokeDex3" */;
			buildPhases = (
				12CE1A4B200753A2002ADF58 /* Sources */,
				12CE1A4C200753A2002ADF58 /* Frameworks */,
				12CE1A4D200753A2002ADF58 /* Resources */,
			);
			buildRules = (
			);
			dependencies = (
			);
			name = PokeDex3;
			productName = PokeDex3;
			productReference = 12CE1A4F200753A2002ADF58 /* PokeDex3.app */;
			productType = "com.apple.product-type.application";
		};
/* End PBXNativeTarget section */

/* Begin PBXProject section */
		12CE1A47200753A2002ADF58 /* Project object */ = {
			isa = PBXProject;
			attributes = {
				LastSwiftUpdateCheck = 0910;
				LastUpgradeCheck = 0910;
				ORGANIZATIONNAME = "A K M Saleh Sultan";
				TargetAttributes = {
					12CE1A4E200753A2002ADF58 = {
						CreatedOnToolsVersion = 9.1;
						ProvisioningStyle = Automatic;
					};
				};
			};
			buildConfigurationList = 12CE1A4A200753A2002ADF58 /* Build configuration list for PBXProject "PokeDex3" */;
			compatibilityVersion = "Xcode 8.0";
			developmentRegion = en;
			hasScannedForEncodings = 0;
			knownRegions = (
				en,
				Base,
			);
			mainGroup = 12CE1A46200753A2002ADF58;
			productRefGroup = 12CE1A50200753A2002ADF58 /* Products */;
			projectDirPath = "";
			projectRoot = "";
			targets = (
				12CE1A4E200753A2002ADF58 /* PokeDex3 */,
			);
		};
/* End PBXProject section */

/* Begin PBXResourcesBuildPhase section */
		12CE1A4D200753A2002ADF58 /* Resources */ = {
			isa = PBXResourcesBuildPhase;
			buildActionMask = 2147483647;
			files = (
				12CE1A5D200753A2002ADF58 /* LaunchScreen.storyboard in Resources */,
				12CE1A5A200753A2002ADF58 /* Assets.xcassets in Resources */,
				12CE1A6720075CE3002ADF58 /* pokemon.csv in Resources */,
				12CE1A58200753A2002ADF58 /* Main.storyboard in Resources */,
				12CE1A69200760BE002ADF58 /* pokemon.csv in Resources */,
			);
			runOnlyForDeploymentPostprocessing = 0;
		};
/* End PBXResourcesBuildPhase section */

/* Begin PBXSourcesBuildPhase section */
		12CE1A4B200753A2002ADF58 /* Sources */ = {
			isa = PBXSourcesBuildPhase;
			buildActionMask = 2147483647;
			files = (
				12CE1A55200753A2002ADF58 /* ViewController.swift in Sources */,
				12CE1A53200753A2002ADF58 /* AppDelegate.swift in Sources */,
			);
			runOnlyForDeploymentPostprocessing = 0;
		};
/* End PBXSourcesBuildPhase section */

/* Begin PBXVariantGroup section */
		12CE1A56200753A2002ADF58 /* Main.storyboard */ = {
			isa = PBXVariantGroup;
			children = (
				12CE1A57200753A2002ADF58 /* Base */,
			);
			name = Main.storyboard;
			sourceTree = "<group>";
		};
		12CE1A5B200753A2002ADF58 /* LaunchScreen.storyboard */ = {
			isa = PBXVariantGroup;
			children = (
				12CE1A5C200753A2002ADF58 /* Base */,
			);
			name = LaunchScreen.storyboard;
			sourceTree = "<group>";
		};
/* End PBXVariantGroup section */

/* Begin XCBuildConfiguration section */
		12CE1A5F200753A2002ADF58 /* Debug */ = {
			isa = XCBuildConfiguration;
			buildSettings = {
				ALWAYS_SEARCH_USER_PATHS = NO;
				CLANG_ANALYZER_NONNULL = YES;
				CLANG_ANALYZER_NUMBER_OBJECT_CONVERSION = YES_AGGRESSIVE;
				CLANG_CXX_LANGUAGE_STANDARD = "gnu++14";
				CLANG_CXX_LIBRARY = "libc++";
				CLANG_ENABLE_MODULES = YES;
				CLANG_ENABLE_OBJC_ARC = YES;
				CLANG_WARN_BLOCK_CAPTURE_AUTORELEASING = YES;
				CLANG_WARN_BOOL_CONVERSION = YES;
				CLANG_WARN_COMMA = YES;
				CLANG_WARN_CONSTANT_CONVERSION = YES;
				CLANG_WARN_DIRECT_OBJC_ISA_USAGE = YES_ERROR;
				CLANG_WARN_DOCUMENTATION_COMMENTS = YES;
				CLANG_WARN_EMPTY_BODY = YES;
				CLANG_WARN_ENUM_CONVERSION = YES;
				CLANG_WARN_INFINITE_RECURSION = YES;
				CLANG_WARN_INT_CONVERSION = YES;
				CLANG_WARN_NON_LITERAL_NULL_CONVERSION = YES;
				CLANG_WARN_OBJC_LITERAL_CONVERSION = YES;
				CLANG_WARN_OBJC_ROOT_CLASS = YES_ERROR;
				CLANG_WARN_RANGE_LOOP_ANALYSIS = YES;
				CLANG_WARN_STRICT_PROTOTYPES = YES;
				CLANG_WARN_SUSPICIOUS_MOVE = YES;
				CLANG_WARN_UNGUARDED_AVAILABILITY = YES_AGGRESSIVE;
				CLANG_WARN_UNREACHABLE_CODE = YES;
				CLANG_WARN__DUPLICATE_METHOD_MATCH = YES;
				CODE_SIGN_IDENTITY = "iPhone Developer";
				COPY_PHASE_STRIP = NO;
				DEBUG_INFORMATION_FORMAT = dwarf;
				ENABLE_STRICT_OBJC_MSGSEND = YES;
				ENABLE_TESTABILITY = YES;
				GCC_C_LANGUAGE_STANDARD = gnu11;
				GCC_DYNAMIC_NO_PIC = NO;
				GCC_NO_COMMON_BLOCKS = YES;
				GCC_OPTIMIZATION_LEVEL = 0;
				GCC_PREPROCESSOR_DEFINITIONS = (
					"DEBUG=1",
					"$(inherited)",
				);
				GCC_WARN_64_TO_32_BIT_CONVERSION = YES;
				GCC_WARN_ABOUT_RETURN_TYPE = YES_ERROR;
				GCC_WARN_UNDECLARED_SELECTOR = YES;
				GCC_WARN_UNINITIALIZED_AUTOS = YES_AGGRESSIVE;
				GCC_WARN_UNUSED_FUNCTION = YES;
				GCC_WARN_UNUSED_VARIABLE = YES;
				IPHONEOS_DEPLOYMENT_TARGET = 11.1;
				MTL_ENABLE_DEBUG_INFO = YES;
				ONLY_ACTIVE_ARCH = YES;
				SDKROOT = iphoneos;
				SWIFT_ACTIVE_COMPILATION_CONDITIONS = DEBUG;
				SWIFT_OPTIMIZATION_LEVEL = "-Onone";
			};
			name = Debug;
		};
		12CE1A60200753A2002ADF58 /* Release */ = {
			isa = XCBuildConfiguration;
			buildSettings = {
				ALWAYS_SEARCH_USER_PATHS = NO;
				CLANG_ANALYZER_NONNULL = YES;
				CLANG_ANALYZER_NUMBER_OBJECT_CONVERSION = YES_AGGRESSIVE;
				CLANG_CXX_LANGUAGE_STANDARD = "gnu++14";
				CLANG_CXX_LIBRARY = "libc++";
				CLANG_ENABLE_MODULES = YES;
				CLANG_ENABLE_OBJC_ARC = YES;
				CLANG_WARN_BLOCK_CAPTURE_AUTORELEASING = YES;
				CLANG_WARN_BOOL_CONVERSION = YES;
				CLANG_WARN_COMMA = YES;
				CLANG_WARN_CONSTANT_CONVERSION = YES;
				CLANG_WARN_DIRECT_OBJC_ISA_USAGE = YES_ERROR;
				CLANG_WARN_DOCUMENTATION_COMMENTS = YES;
				CLANG_WARN_EMPTY_BODY = YES;
				CLANG_WARN_ENUM_CONVERSION = YES;
				CLANG_WARN_INFINITE_RECURSION = YES;
				CLANG_WARN_INT_CONVERSION = YES;
				CLANG_WARN_NON_LITERAL_NULL_CONVERSION = YES;
				CLANG_WARN_OBJC_LITERAL_CONVERSION = YES;
				CLANG_WARN_OBJC_ROOT_CLASS = YES_ERROR;
				CLANG_WARN_RANGE_LOOP_ANALYSIS = YES;
				CLANG_WARN_STRICT_PROTOTYPES = YES;
				CLANG_WARN_SUSPICIOUS_MOVE = YES;
				CLANG_WARN_UNGUARDED_AVAILABILITY = YES_AGGRESSIVE;
				CLANG_WARN_UNREACHABLE_CODE = YES;
				CLANG_WARN__DUPLICATE_METHOD_MATCH = YES;
				CODE_SIGN_IDENTITY = "iPhone Developer";
				COPY_PHASE_STRIP = NO;
				DEBUG_INFORMATION_FORMAT = "dwarf-with-dsym";
				ENABLE_NS_ASSERTIONS = NO;
				ENABLE_STRICT_OBJC_MSGSEND = YES;
				GCC_C_LANGUAGE_STANDARD = gnu11;
				GCC_NO_COMMON_BLOCKS = YES;
				GCC_WARN_64_TO_32_BIT_CONVERSION = YES;
				GCC_WARN_ABOUT_RETURN_TYPE = YES_ERROR;
				GCC_WARN_UNDECLARED_SELECTOR = YES;
				GCC_WARN_UNINITIALIZED_AUTOS = YES_AGGRESSIVE;
				GCC_WARN_UNUSED_FUNCTION = YES;
				GCC_WARN_UNUSED_VARIABLE = YES;
				IPHONEOS_DEPLOYMENT_TARGET = 11.1;
				MTL_ENABLE_DEBUG_INFO = NO;
				SDKROOT = iphoneos;
				SWIFT_OPTIMIZATION_LEVEL = "-Owholemodule";
				VALIDATE_PRODUCT = YES;
			};
			name = Release;
		};
		12CE1A62200753A2002ADF58 /* Debug */ = {
			isa = XCBuildConfiguration;
			buildSettings = {
				ASSETCATALOG_COMPILER_APPICON_NAME = AppIcon;
				CODE_SIGN_STYLE = Automatic;
				DEVELOPMENT_TEAM = FLGL8YTCUV;
				INFOPLIST_FILE = PokeDex3/Info.plist;
				LD_RUNPATH_SEARCH_PATHS = "$(inherited) @executable_path/Frameworks";
				PRODUCT_BUNDLE_IDENTIFIER = com.memoriesalive.PokeDex3;
				PRODUCT_NAME = "$(TARGET_NAME)";
				SWIFT_VERSION = 4.0;
				TARGETED_DEVICE_FAMILY = "1,2";
			};
			name = Debug;
		};
		12CE1A63200753A2002ADF58 /* Release */ = {
			isa = XCBuildConfiguration;
			buildSettings = {
				ASSETCATALOG_COMPILER_APPICON_NAME = AppIcon;
				CODE_SIGN_STYLE = Automatic;
				DEVELOPMENT_TEAM = FLGL8YTCUV;
				INFOPLIST_FILE = PokeDex3/Info.plist;
				LD_RUNPATH_SEARCH_PATHS = "$(inherited) @executable_path/Frameworks";
				PRODUCT_BUNDLE_IDENTIFIER = com.memoriesalive.PokeDex3;
				PRODUCT_NAME = "$(TARGET_NAME)";
				SWIFT_VERSION = 4.0;
				TARGETED_DEVICE_FAMILY = "1,2";
			};
			name = Release;
		};
/* End XCBuildConfiguration section */

/* Begin XCConfigurationList section */
		12CE1A4A200753A2002ADF58 /* Build configuration list for PBXProject "PokeDex3" */ = {
			isa = XCConfigurationList;
			buildConfigurations = (
				12CE1A5F200753A2002ADF58 /* Debug */,
				12CE1A60200753A2002ADF58 /* Release */,
			);
			defaultConfigurationIsVisible = 0;
			defaultConfigurationName = Release;
		};
		12CE1A61200753A2002ADF58 /* Build configuration list for PBXNativeTarget "PokeDex3" */ = {
			isa = XCConfigurationList;
			buildConfigurations = (
				12CE1A62200753A2002ADF58 /* Debug */,
				12CE1A63200753A2002ADF58 /* Release */,
			);
			defaultConfigurationIsVisible = 0;
			defaultConfigurationName = Release;
		};
/* End XCConfigurationList section */
	};
	rootObject = 12CE1A47200753A2002ADF58 /* Project object */;
}
